
Microsoft Visual Studio Solution File, Format Version 12.00
# Visual Studio Version 16
VisualStudioVersion = 16.0.30523.141
MinimumVisualStudioVersion = 10.0.40219.1
Project("{FAE04EC0-301F-11D3-BF4B-00C04F79EFBC}") = "Rusu_Maria_Smaranda_Lab6", "Rusu_Maria_Smaranda_Lab6.csproj", "{3D116749-2D59-452F-A581-94C8260B2DF1}"
EndProject
Project("{FAE04EC0-301F-11D3-BF4B-00C04F79EFBC}") = "AutoLotModel", "..\AutoLotModel\AutoLotModel.csproj", "{730EF3A4-4BC7-4778-82A1-A86D512147B0}"
EndProject
Global
	GlobalSection(SolutionConfigurationPlatforms) = preSolution
		Debug|Any CPU = Debug|Any CPU
		Release|Any CPU = Release|Any CPU
	EndGlobalSection
	GlobalSection(ProjectConfigurationPlatforms) = postSolution
		{3D116749-2D59-452F-A581-94C8260B2DF1}.Debug|Any CPU.ActiveCfg = Debug|Any CPU
		{3D116749-2D59-452F-A581-94C8260B2DF1}.Debug|Any CPU.Build.0 = Debug|Any CPU
		{3D116749-2D59-452F-A581-94C8260B2DF1}.Release|Any CPU.ActiveCfg = Release|Any CPU
		{3D116749-2D59-452F-A581-94C8260B2DF1}.Release|Any CPU.Build.0 = Release|Any CPU
		{730EF3A4-4BC7-4778-82A1-A86D512147B0}.Debug|Any CPU.ActiveCfg = Debug|Any CPU
		{730EF3A4-4BC7-4778-82A1-A86D512147B0}.Debug|Any CPU.Build.0 = Debug|Any CPU
		{730EF3A4-4BC7-4778-82A1-A86D512147B0}.Release|Any CPU.ActiveCfg = Release|Any CPU
		{730EF3A4-4BC7-4778-82A1-A86D512147B0}.Release|Any CPU.Build.0 = Release|Any CPU
	EndGlobalSection
	GlobalSection(SolutionProperties) = preSolution
		HideSolutionNode = FALSE
	EndGlobalSection
	GlobalSection(ExtensibilityGlobals) = postSolution
		SolutionGuid = {F230090E-BDE2-4451-A0F7-1D9C2C542BD0}
	EndGlobalSection
EndGlobal
